
Microsoft Visual Studio Solution File, Format Version 12.00
# Visual Studio Version 17
VisualStudioVersion = 17.3.32819.101
MinimumVisualStudioVersion = 10.0.40219.1
Project("{FAE04EC0-301F-11D3-BF4B-00C04F79EFBC}") = "ParallelReader", "ParallelReader\ParallelReader.csproj", "{3C56057C-4FD8-40C7-8B97-B0E455F00FF8}"
EndProject
Global
	GlobalSection(SolutionConfigurationPlatforms) = preSolution
		Debug|Any CPU = Debug|Any CPU
		Release|Any CPU = Release|Any CPU
	EndGlobalSection
	GlobalSection(ProjectConfigurationPlatforms) = postSolution
		{3C56057C-4FD8-40C7-8B97-B0E455F00FF8}.Debug|Any CPU.ActiveCfg = Debug|Any CPU
		{3C56057C-4FD8-40C7-8B97-B0E455F00FF8}.Debug|Any CPU.Build.0 = Debug|Any CPU
		{3C56057C-4FD8-40C7-8B97-B0E455F00FF8}.Release|Any CPU.ActiveCfg = Release|Any CPU
		{3C56057C-4FD8-40C7-8B97-B0E455F00FF8}.Release|Any CPU.Build.0 = Release|Any CPU
	EndGlobalSection
	GlobalSection(SolutionProperties) = preSolution
		HideSolutionNode = FALSE
	EndGlobalSection
	GlobalSection(ExtensibilityGlobals) = postSolution
		SolutionGuid = {87F0B25E-6215-4A11-BF2B-E221DAF69AC6}
	EndGlobalSection
EndGlobal
